
Microsoft Visual Studio Solution File, Format Version 12.00
# Visual Studio Version 17
VisualStudioVersion = 17.10.35027.167
MinimumVisualStudioVersion = 10.0.40219.1
Project("{8BC9CEB8-8B4A-11D0-8D11-00A0C91BC942}") = "dx12_renderer", "dx12_renderer.vcxproj", "{81F5EA4E-D476-482C-8ECB-BD90B696C661}"
EndProject
Global
	GlobalSection(SolutionConfigurationPlatforms) = preSolution
		Debug|x64 = Debug|x64
		Debug|x86 = Debug|x86
		Release|x64 = Release|x64
		Release|x86 = Release|x86
	EndGlobalSection
	GlobalSection(ProjectConfigurationPlatforms) = postSolution
		{81F5EA4E-D476-482C-8ECB-BD90B696C661}.Debug|x64.ActiveCfg = Debug|x64
		{81F5EA4E-D476-482C-8ECB-BD90B696C661}.Debug|x64.Build.0 = Debug|x64
		{81F5EA4E-D476-482C-8ECB-BD90B696C661}.Debug|x86.ActiveCfg = Debug|Win32
		{81F5EA4E-D476-482C-8ECB-BD90B696C661}.Debug|x86.Build.0 = Debug|Win32
		{81F5EA4E-D476-482C-8ECB-BD90B696C661}.Release|x64.ActiveCfg = Release|x64
		{81F5EA4E-D476-482C-8ECB-BD90B696C661}.Release|x64.Build.0 = Release|x64
		{81F5EA4E-D476-482C-8ECB-BD90B696C661}.Release|x86.ActiveCfg = Release|Win32
		{81F5EA4E-D476-482C-8ECB-BD90B696C661}.Release|x86.Build.0 = Release|Win32
	EndGlobalSection
	GlobalSection(SolutionProperties) = preSolution
		HideSolutionNode = FALSE
	EndGlobalSection
	GlobalSection(ExtensibilityGlobals) = postSolution
		SolutionGuid = {55639109-D2C3-48AB-8BBA-8B3C867B9E2A}
	EndGlobalSection
EndGlobal
